// !$*UTF8*$!
{
	archiveVersion = 1;
	classes = {
	};
	objectVersion = 56;
	objects = {

/* Begin PBXBuildFile section */
		1F078B982A26370B0045CAA0 /* AppDelegate.swift in Sources */ = {isa = PBXBuildFile; fileRef = 1F078B972A26370B0045CAA0 /* AppDelegate.swift */; };
		1F078B9A2A26370B0045CAA0 /* SceneDelegate.swift in Sources */ = {isa = PBXBuildFile; fileRef = 1F078B992A26370B0045CAA0 /* SceneDelegate.swift */; };
		1F078B9C2A26370B0045CAA0 /* ViewController.swift in Sources */ = {isa = PBXBuildFile; fileRef = 1F078B9B2A26370B0045CAA0 /* ViewController.swift */; };
		1F078B9F2A26370B0045CAA0 /* Main.storyboard in Resources */ = {isa = PBXBuildFile; fileRef = 1F078B9D2A26370B0045CAA0 /* Main.storyboard */; };
		1F078BA12A26370D0045CAA0 /* Assets.xcassets in Resources */ = {isa = PBXBuildFile; fileRef = 1F078BA02A26370D0045CAA0 /* Assets.xcassets */; };
		1F078BA42A26370D0045CAA0 /* LaunchScreen.storyboard in Resources */ = {isa = PBXBuildFile; fileRef = 1F078BA22A26370D0045CAA0 /* LaunchScreen.storyboard */; };
		1F0CC3EA2A2F29E80046F4BD /* ImageNode.swift in Sources */ = {isa = PBXBuildFile; fileRef = 1F0CC3E92A2F29E80046F4BD /* ImageNode.swift */; };
/* End PBXBuildFile section */

/* Begin PBXFileReference section */
		1F078B942A26370B0045CAA0 /* ios_2mm.app */ = {isa = PBXFileReference; explicitFileType = wrapper.application; includeInIndex = 0; path = ios_2mm.app; sourceTree = BUILT_PRODUCTS_DIR; };
		1F078B972A26370B0045CAA0 /* AppDelegate.swift */ = {isa = PBXFileReference; lastKnownFileType = sourcecode.swift; path = AppDelegate.swift; sourceTree = "<group>"; };
		1F078B992A26370B0045CAA0 /* SceneDelegate.swift */ = {isa = PBXFileReference; lastKnownFileType = sourcecode.swift; path = SceneDelegate.swift; sourceTree = "<group>"; };
		1F078B9B2A26370B0045CAA0 /* ViewController.swift */ = {isa = PBXFileReference; lastKnownFileType = sourcecode.swift; path = ViewController.swift; sourceTree = "<group>"; };
		1F078B9E2A26370B0045CAA0 /* Base */ = {isa = PBXFileReference; lastKnownFileType = file.storyboard; name = Base; path = Base.lproj/Main.storyboard; sourceTree = "<group>"; };
		1F078BA02A26370D0045CAA0 /* Assets.xcassets */ = {isa = PBXFileReference; lastKnownFileType = folder.assetcatalog; path = Assets.xcassets; sourceTree = "<group>"; };
		1F078BA32A26370D0045CAA0 /* Base */ = {isa = PBXFileReference; lastKnownFileType = file.storyboard; name = Base; path = Base.lproj/LaunchScreen.storyboard; sourceTree = "<group>"; };
		1F078BA52A26370D0045CAA0 /* Info.plist */ = {isa = PBXFileReference; lastKnownFileType = text.plist.xml; path = Info.plist; sourceTree = "<group>"; };
		1F0CC3E92A2F29E80046F4BD /* ImageNode.swift */ = {isa = PBXFileReference; lastKnownFileType = sourcecode.swift; path = ImageNode.swift; sourceTree = "<group>"; };
/* End PBXFileReference section */

/* Begin PBXFrameworksBuildPhase section */
		1F078B912A26370B0045CAA0 /* Frameworks */ = {
			isa = PBXFrameworksBuildPhase;
			buildActionMask = 2147483647;
			files = (
			);
			runOnlyForDeploymentPostprocessing = 0;
		};
/* End PBXFrameworksBuildPhase section */

/* Begin PBXGroup section */
		1F078B8B2A26370B0045CAA0 = {
			isa = PBXGroup;
			children = (
				1F078B962A26370B0045CAA0 /* ios_2mm */,
				1F078B952A26370B0045CAA0 /* Products */,
			);
			sourceTree = "<group>";
		};
		1F078B952A26370B0045CAA0 /* Products */ = {
			isa = PBXGroup;
			children = (
				1F078B942A26370B0045CAA0 /* ios_2mm.app */,
			);
			name = Products;
			sourceTree = "<group>";
		};
		1F078B962A26370B0045CAA0 /* ios_2mm */ = {
			isa = PBXGroup;
			children = (
				1F078B972A26370B0045CAA0 /* AppDelegate.swift */,
				1F078B992A26370B0045CAA0 /* SceneDelegate.swift */,
				1F078B9B2A26370B0045CAA0 /* ViewController.swift */,
				1F0CC3E92A2F29E80046F4BD /* ImageNode.swift */,
				1F078B9D2A26370B0045CAA0 /* Main.storyboard */,
				1F078BA02A26370D0045CAA0 /* Assets.xcassets */,
				1F078BA22A26370D0045CAA0 /* LaunchScreen.storyboard */,
				1F078BA52A26370D0045CAA0 /* Info.plist */,
			);
			path = ios_2mm;
			sourceTree = "<group>";
		};
/* End PBXGroup section */

/* Begin PBXNativeTarget section */
		1F078B932A26370B0045CAA0 /* ios_2mm */ = {
			isa = PBXNativeTarget;
			buildConfigurationList = 1F078BA82A26370D0045CAA0 /* Build configuration list for PBXNativeTarget "ios_2mm" */;
			buildPhases = (
				1F078B902A26370B0045CAA0 /* Sources */,
				1F078B912A26370B0045CAA0 /* Frameworks */,
				1F078B922A26370B0045CAA0 /* Resources */,
			);
			buildRules = (
			);
			dependencies = (
			);
			name = ios_2mm;
			productName = ios_2mm;
			productReference = 1F078B942A26370B0045CAA0 /* ios_2mm.app */;
			productType = "com.apple.product-type.application";
		};
/* End PBXNativeTarget section */

/* Begin PBXProject section */
		1F078B8C2A26370B0045CAA0 /* Project object */ = {
			isa = PBXProject;
			attributes = {
				BuildIndependentTargetsInParallel = 1;
				LastSwiftUpdateCheck = 1400;
				LastUpgradeCheck = 1400;
				TargetAttributes = {
					1F078B932A26370B0045CAA0 = {
						CreatedOnToolsVersion = 14.0.1;
					};
				};
			};
			buildConfigurationList = 1F078B8F2A26370B0045CAA0 /* Build configuration list for PBXProject "ios_2mm" */;
			compatibilityVersion = "Xcode 14.0";
			developmentRegion = en;
			hasScannedForEncodings = 0;
			knownRegions = (
				en,
				Base,
			);
			mainGroup = 1F078B8B2A26370B0045CAA0;
			productRefGroup = 1F078B952A26370B0045CAA0 /* Products */;
			projectDirPath = "";
			projectRoot = "";
			targets = (
				1F078B932A26370B0045CAA0 /* ios_2mm */,
			);
		};
/* End PBXProject section */

/* Begin PBXResourcesBuildPhase section */
		1F078B922A26370B0045CAA0 /* Resources */ = {
			isa = PBXResourcesBuildPhase;
			buildActionMask = 2147483647;
			files = (
				1F078BA42A26370D0045CAA0 /* LaunchScreen.storyboard in Resources */,
				1F078BA12A26370D0045CAA0 /* Assets.xcassets in Resources */,
				1F078B9F2A26370B0045CAA0 /* Main.storyboard in Resources */,
			);
			runOnlyForDeploymentPostprocessing = 0;
		};
/* End PBXResourcesBuildPhase section */

/* Begin PBXSourcesBuildPhase section */
		1F078B902A26370B0045CAA0 /* Sources */ = {
			isa = PBXSourcesBuildPhase;
			buildActionMask = 2147483647;
			files = (
				1F078B9C2A26370B0045CAA0 /* ViewController.swift in Sources */,
				1F078B982A26370B0045CAA0 /* AppDelegate.swift in Sources */,
				1F078B9A2A26370B0045CAA0 /* SceneDelegate.swift in Sources */,
				1F0CC3EA2A2F29E80046F4BD /* ImageNode.swift in Sources */,
			);
			runOnlyForDeploymentPostprocessing = 0;
		};
/* End PBXSourcesBuildPhase section */

/* Begin PBXVariantGroup section */
		1F078B9D2A26370B0045CAA0 /* Main.storyboard */ = {
			isa = PBXVariantGroup;
			children = (
				1F078B9E2A26370B0045CAA0 /* Base */,
			);
			name = Main.storyboard;
			sourceTree = "<group>";
		};
		1F078BA22A26370D0045CAA0 /* LaunchScreen.storyboard */ = {
			isa = PBXVariantGroup;
			children = (
				1F078BA32A26370D0045CAA0 /* Base */,
			);
			name = LaunchScreen.storyboard;
			sourceTree = "<group>";
		};
/* End PBXVariantGroup section */

/* Begin XCBuildConfiguration section */
		1F078BA62A26370D0045CAA0 /* Debug */ = {
			isa = XCBuildConfiguration;
			buildSettings = {
				ALWAYS_SEARCH_USER_PATHS = NO;
				CLANG_ANALYZER_NONNULL = YES;
				CLANG_ANALYZER_NUMBER_OBJECT_CONVERSION = YES_AGGRESSIVE;
				CLANG_CXX_LANGUAGE_STANDARD = "gnu++20";
				CLANG_ENABLE_MODULES = YES;
				CLANG_ENABLE_OBJC_ARC = YES;
				CLANG_ENABLE_OBJC_WEAK = YES;
				CLANG_WARN_BLOCK_CAPTURE_AUTORELEASING = YES;
				CLANG_WARN_BOOL_CONVERSION = YES;
				CLANG_WARN_COMMA = YES;
				CLANG_WARN_CONSTANT_CONVERSION = YES;
				CLANG_WARN_DEPRECATED_OBJC_IMPLEMENTATIONS = YES;
				CLANG_WARN_DIRECT_OBJC_ISA_USAGE = YES_ERROR;
				CLANG_WARN_DOCUMENTATION_COMMENTS = YES;
				CLANG_WARN_EMPTY_BODY = YES;
				CLANG_WARN_ENUM_CONVERSION = YES;
				CLANG_WARN_INFINITE_RECURSION = YES;
				CLANG_WARN_INT_CONVERSION = YES;
				CLANG_WARN_NON_LITERAL_NULL_CONVERSION = YES;
				CLANG_WARN_OBJC_IMPLICIT_RETAIN_SELF = YES;
				CLANG_WARN_OBJC_LITERAL_CONVERSION = YES;
				CLANG_WARN_OBJC_ROOT_CLASS = YES_ERROR;
				CLANG_WARN_QUOTED_INCLUDE_IN_FRAMEWORK_HEADER = YES;
				CLANG_WARN_RANGE_LOOP_ANALYSIS = YES;
				CLANG_WARN_STRICT_PROTOTYPES = YES;
				CLANG_WARN_SUSPICIOUS_MOVE = YES;
				CLANG_WARN_UNGUARDED_AVAILABILITY = YES_AGGRESSIVE;
				CLANG_WARN_UNREACHABLE_CODE = YES;
				CLANG_WARN__DUPLICATE_METHOD_MATCH = YES;
				COPY_PHASE_STRIP = NO;
				DEBUG_INFORMATION_FORMAT = dwarf;
				ENABLE_STRICT_OBJC_MSGSEND = YES;
				ENABLE_TESTABILITY = YES;
				GCC_C_LANGUAGE_STANDARD = gnu11;
				GCC_DYNAMIC_NO_PIC = NO;
				GCC_NO_COMMON_BLOCKS = YES;
				GCC_OPTIMIZATION_LEVEL = 0;
				GCC_PREPROCESSOR_DEFINITIONS = (
					"DEBUG=1",
					"$(inherited)",
				);
				GCC_WARN_64_TO_32_BIT_CONVERSION = YES;
				GCC_WARN_ABOUT_RETURN_TYPE = YES_ERROR;
				GCC_WARN_UNDECLARED_SELECTOR = YES;
				GCC_WARN_UNINITIALIZED_AUTOS = YES_AGGRESSIVE;
				GCC_WARN_UNUSED_FUNCTION = YES;
				GCC_WARN_UNUSED_VARIABLE = YES;
				IPHONEOS_DEPLOYMENT_TARGET = 16.0;
				MTL_ENABLE_DEBUG_INFO = INCLUDE_SOURCE;
				MTL_FAST_MATH = YES;
				ONLY_ACTIVE_ARCH = YES;
				SDKROOT = iphoneos;
				SWIFT_ACTIVE_COMPILATION_CONDITIONS = DEBUG;
				SWIFT_OPTIMIZATION_LEVEL = "-Onone";
			};
			name = Debug;
		};
		1F078BA72A26370D0045CAA0 /* Release */ = {
			isa = XCBuildConfiguration;
			buildSettings = {
				ALWAYS_SEARCH_USER_PATHS = NO;
				CLANG_ANALYZER_NONNULL = YES;
				CLANG_ANALYZER_NUMBER_OBJECT_CONVERSION = YES_AGGRESSIVE;
				CLANG_CXX_LANGUAGE_STANDARD = "gnu++20";
				CLANG_ENABLE_MODULES = YES;
				CLANG_ENABLE_OBJC_ARC = YES;
				CLANG_ENABLE_OBJC_WEAK = YES;
				CLANG_WARN_BLOCK_CAPTURE_AUTORELEASING = YES;
				CLANG_WARN_BOOL_CONVERSION = YES;
				CLANG_WARN_COMMA = YES;
				CLANG_WARN_CONSTANT_CONVERSION = YES;
				CLANG_WARN_DEPRECATED_OBJC_IMPLEMENTATIONS = YES;
				CLANG_WARN_DIRECT_OBJC_ISA_USAGE = YES_ERROR;
				CLANG_WARN_DOCUMENTATION_COMMENTS = YES;
				CLANG_WARN_EMPTY_BODY = YES;
				CLANG_WARN_ENUM_CONVERSION = YES;
				CLANG_WARN_INFINITE_RECURSION = YES;
				CLANG_WARN_INT_CONVERSION = YES;
				CLANG_WARN_NON_LITERAL_NULL_CONVERSION = YES;
				CLANG_WARN_OBJC_IMPLICIT_RETAIN_SELF = YES;
				CLANG_WARN_OBJC_LITERAL_CONVERSION = YES;
				CLANG_WARN_OBJC_ROOT_CLASS = YES_ERROR;
				CLANG_WARN_QUOTED_INCLUDE_IN_FRAMEWORK_HEADER = YES;
				CLANG_WARN_RANGE_LOOP_ANALYSIS = YES;
				CLANG_WARN_STRICT_PROTOTYPES = YES;
				CLANG_WARN_SUSPICIOUS_MOVE = YES;
				CLANG_WARN_UNGUARDED_AVAILABILITY = YES_AGGRESSIVE;
				CLANG_WARN_UNREACHABLE_CODE = YES;
				CLANG_WARN__DUPLICATE_METHOD_MATCH = YES;
				COPY_PHASE_STRIP = NO;
				DEBUG_INFORMATION_FORMAT = "dwarf-with-dsym";
				ENABLE_NS_ASSERTIONS = NO;
				ENABLE_STRICT_OBJC_MSGSEND = YES;
				GCC_C_LANGUAGE_STANDARD = gnu11;
				GCC_NO_COMMON_BLOCKS = YES;
				GCC_WARN_64_TO_32_BIT_CONVERSION = YES;
				GCC_WARN_ABOUT_RETURN_TYPE = YES_ERROR;
				GCC_WARN_UNDECLARED_SELECTOR = YES;
				GCC_WARN_UNINITIALIZED_AUTOS = YES_AGGRESSIVE;
				GCC_WARN_UNUSED_FUNCTION = YES;
				GCC_WARN_UNUSED_VARIABLE = YES;
				IPHONEOS_DEPLOYMENT_TARGET = 16.0;
				MTL_ENABLE_DEBUG_INFO = NO;
				MTL_FAST_MATH = YES;
				SDKROOT = iphoneos;
				SWIFT_COMPILATION_MODE = wholemodule;
				SWIFT_OPTIMIZATION_LEVEL = "-O";
				VALIDATE_PRODUCT = YES;
			};
			name = Release;
		};
		1F078BA92A26370D0045CAA0 /* Debug */ = {
			isa = XCBuildConfiguration;
			buildSettings = {
				ASSETCATALOG_COMPILER_APPICON_NAME = AppIcon;
				ASSETCATALOG_COMPILER_GLOBAL_ACCENT_COLOR_NAME = AccentColor;
				CODE_SIGN_STYLE = Automatic;
				CURRENT_PROJECT_VERSION = 1;
				DEVELOPMENT_TEAM = U753Q6P42N;
				GENERATE_INFOPLIST_FILE = YES;
				INFOPLIST_FILE = ios_2mm/Info.plist;
				INFOPLIST_KEY_UIApplicationSupportsIndirectInputEvents = YES;
				INFOPLIST_KEY_UILaunchStoryboardName = LaunchScreen;
				INFOPLIST_KEY_UIMainStoryboardFile = Main;
				INFOPLIST_KEY_UISupportedInterfaceOrientations = UIInterfaceOrientationPortrait;
				IPHONEOS_DEPLOYMENT_TARGET = 13.0;
				LD_RUNPATH_SEARCH_PATHS = (
					"$(inherited)",
					"@executable_path/Frameworks",
				);
				MARKETING_VERSION = 1.0;
				PRODUCT_BUNDLE_IDENTIFIER = "com.alexandraKozlova.ios-2mm";
				PRODUCT_NAME = "$(TARGET_NAME)";
				SWIFT_EMIT_LOC_STRINGS = YES;
				SWIFT_VERSION = 5.0;
				TARGETED_DEVICE_FAMILY = "1,2";
			};
			name = Debug;
		};
		1F078BAA2A26370D0045CAA0 /* Release */ = {
			isa = XCBuildConfiguration;
			buildSettings = {
				ASSETCATALOG_COMPILER_APPICON_NAME = AppIcon;
				ASSETCATALOG_COMPILER_GLOBAL_ACCENT_COLOR_NAME = AccentColor;
				CODE_SIGN_STYLE = Automatic;
				CURRENT_PROJECT_VERSION = 1;
				DEVELOPMENT_TEAM = U753Q6P42N;
				GENERATE_INFOPLIST_FILE = YES;
				INFOPLIST_FILE = ios_2mm/Info.plist;
				INFOPLIST_KEY_UIApplicationSupportsIndirectInputEvents = YES;
				INFOPLIST_KEY_UILaunchStoryboardName = LaunchScreen;
				INFOPLIST_KEY_UIMainStoryboardFile = Main;
				INFOPLIST_KEY_UISupportedInterfaceOrientations = UIInterfaceOrientationPortrait;
				IPHONEOS_DEPLOYMENT_TARGET = 13.0;
				LD_RUNPATH_SEARCH_PATHS = (
					"$(inherited)",
					"@executable_path/Frameworks",
				);
				MARKETING_VERSION = 1.0;
				PRODUCT_BUNDLE_IDENTIFIER = "com.alexandraKozlova.ios-2mm";
				PRODUCT_NAME = "$(TARGET_NAME)";
				SWIFT_EMIT_LOC_STRINGS = YES;
				SWIFT_VERSION = 5.0;
				TARGETED_DEVICE_FAMILY = "1,2";
			};
			name = Release;
		};
/* End XCBuildConfiguration section */

/* Begin XCConfigurationList section */
		1F078B8F2A26370B0045CAA0 /* Build configuration list for PBXProject "ios_2mm" */ = {
			isa = XCConfigurationList;
			buildConfigurations = (
				1F078BA62A26370D0045CAA0 /* Debug */,
				1F078BA72A26370D0045CAA0 /* Release */,
			);
			defaultConfigurationIsVisible = 0;
			defaultConfigurationName = Release;
		};
		1F078BA82A26370D0045CAA0 /* Build configuration list for PBXNativeTarget "ios_2mm" */ = {
			isa = XCConfigurationList;
			buildConfigurations = (
				1F078BA92A26370D0045CAA0 /* Debug */,
				1F078BAA2A26370D0045CAA0 /* Release */,
			);
			defaultConfigurationIsVisible = 0;
			defaultConfigurationName = Release;
		};
/* End XCConfigurationList section */
	};
	rootObject = 1F078B8C2A26370B0045CAA0 /* Project object */;
}
